// !$*UTF8*$!
{
	archiveVersion = 1;
	classes = {
	};
	objectVersion = 77;
	objects = {

/* Begin PBXContainerItemProxy section */
		3F612FE92E8E20AF00C4F671 /* PBXContainerItemProxy */ = {
			isa = PBXContainerItemProxy;
			containerPortal = 3F612FD32E8E20AE00C4F671 /* Project object */;
			proxyType = 1;
			remoteGlobalIDString = 3F612FDA2E8E20AE00C4F671;
			remoteInfo = ScavangerHunt;
		};
		3F612FF32E8E20AF00C4F671 /* PBXContainerItemProxy */ = {
			isa = PBXContainerItemProxy;
			containerPortal = 3F612FD32E8E20AE00C4F671 /* Project object */;
			proxyType = 1;
			remoteGlobalIDString = 3F612FDA2E8E20AE00C4F671;
			remoteInfo = ScavangerHunt;
		};
/* End PBXContainerItemProxy section */

/* Begin PBXFileReference section */
		3F612FDB2E8E20AE00C4F671 /* ScavangerHunt.app */ = {isa = PBXFileReference; explicitFileType = wrapper.application; includeInIndex = 0; path = ScavangerHunt.app; sourceTree = BUILT_PRODUCTS_DIR; };
		3F612FE82E8E20AF00C4F671 /* ScavangerHuntTests.xctest */ = {isa = PBXFileReference; explicitFileType = wrapper.cfbundle; includeInIndex = 0; path = ScavangerHuntTests.xctest; sourceTree = BUILT_PRODUCTS_DIR; };
		3F612FF22E8E20AF00C4F671 /* ScavangerHuntUITests.xctest */ = {isa = PBXFileReference; explicitFileType = wrapper.cfbundle; includeInIndex = 0; path = ScavangerHuntUITests.xctest; sourceTree = BUILT_PRODUCTS_DIR; };
/* End PBXFileReference section */

/* Begin PBXFileSystemSynchronizedRootGroup section */
		3F612FDD2E8E20AE00C4F671 /* ScavangerHunt */ = {
			isa = PBXFileSystemSynchronizedRootGroup;
			path = ScavangerHunt;
			sourceTree = "<group>";
		};
		3F612FEB2E8E20AF00C4F671 /* ScavangerHuntTests */ = {
			isa = PBXFileSystemSynchronizedRootGroup;
			path = ScavangerHuntTests;
			sourceTree = "<group>";
		};
		3F612FF52E8E20AF00C4F671 /* ScavangerHuntUITests */ = {
			isa = PBXFileSystemSynchronizedRootGroup;
			path = ScavangerHuntUITests;
			sourceTree = "<group>";
		};
/* End PBXFileSystemSynchronizedRootGroup section */

/* Begin PBXFrameworksBuildPhase section */
		3F612FD82E8E20AE00C4F671 /* Frameworks */ = {
			isa = PBXFrameworksBuildPhase;
			buildActionMask = 2147483647;
			files = (
			);
			runOnlyForDeploymentPostprocessing = 0;
		};
		3F612FE52E8E20AF00C4F671 /* Frameworks */ = {
			isa = PBXFrameworksBuildPhase;
			buildActionMask = 2147483647;
			files = (
			);
			runOnlyForDeploymentPostprocessing = 0;
		};
		3F612FEF2E8E20AF00C4F671 /* Frameworks */ = {
			isa = PBXFrameworksBuildPhase;
			buildActionMask = 2147483647;
			files = (
			);
			runOnlyForDeploymentPostprocessing = 0;
		};
/* End PBXFrameworksBuildPhase section */

/* Begin PBXGroup section */
		3F612FD22E8E20AE00C4F671 = {
			isa = PBXGroup;
			children = (
				3F612FDD2E8E20AE00C4F671 /* ScavangerHunt */,
				3F612FEB2E8E20AF00C4F671 /* ScavangerHuntTests */,
				3F612FF52E8E20AF00C4F671 /* ScavangerHuntUITests */,
				3F612FDC2E8E20AE00C4F671 /* Products */,
			);
			sourceTree = "<group>";
		};
		3F612FDC2E8E20AE00C4F671 /* Products */ = {
			isa = PBXGroup;
			children = (
				3F612FDB2E8E20AE00C4F671 /* ScavangerHunt.app */,
				3F612FE82E8E20AF00C4F671 /* ScavangerHuntTests.xctest */,
				3F612FF22E8E20AF00C4F671 /* ScavangerHuntUITests.xctest */,
			);
			name = Products;
			sourceTree = "<group>";
		};
/* End PBXGroup section */

/* Begin PBXNativeTarget section */
		3F612FDA2E8E20AE00C4F671 /* ScavangerHunt */ = {
			isa = PBXNativeTarget;
			buildConfigurationList = 3F612FFC2E8E20AF00C4F671 /* Build configuration list for PBXNativeTarget "ScavangerHunt" */;
			buildPhases = (
				3F612FD72E8E20AE00C4F671 /* Sources */,
				3F612FD82E8E20AE00C4F671 /* Frameworks */,
				3F612FD92E8E20AE00C4F671 /* Resources */,
			);
			buildRules = (
			);
			dependencies = (
			);
			fileSystemSynchronizedGroups = (
				3F612FDD2E8E20AE00C4F671 /* ScavangerHunt */,
			);
			name = ScavangerHunt;
			packageProductDependencies = (
			);
			productName = ScavangerHunt;
			productReference = 3F612FDB2E8E20AE00C4F671 /* ScavangerHunt.app */;
			productType = "com.apple.product-type.application";
		};
		3F612FE72E8E20AF00C4F671 /* ScavangerHuntTests */ = {
			isa = PBXNativeTarget;
			buildConfigurationList = 3F612FFF2E8E20AF00C4F671 /* Build configuration list for PBXNativeTarget "ScavangerHuntTests" */;
			buildPhases = (
				3F612FE42E8E20AF00C4F671 /* Sources */,
				3F612FE52E8E20AF00C4F671 /* Frameworks */,
				3F612FE62E8E20AF00C4F671 /* Resources */,
			);
			buildRules = (
			);
			dependencies = (
				3F612FEA2E8E20AF00C4F671 /* PBXTargetDependency */,
			);
			fileSystemSynchronizedGroups = (
				3F612FEB2E8E20AF00C4F671 /* ScavangerHuntTests */,
			);
			name = ScavangerHuntTests;
			packageProductDependencies = (
			);
			productName = ScavangerHuntTests;
			productReference = 3F612FE82E8E20AF00C4F671 /* ScavangerHuntTests.xctest */;
			productType = "com.apple.product-type.bundle.unit-test";
		};
		3F612FF12E8E20AF00C4F671 /* ScavangerHuntUITests */ = {
			isa = PBXNativeTarget;
			buildConfigurationList = 3F6130022E8E20AF00C4F671 /* Build configuration list for PBXNativeTarget "ScavangerHuntUITests" */;
			buildPhases = (
				3F612FEE2E8E20AF00C4F671 /* Sources */,
				3F612FEF2E8E20AF00C4F671 /* Frameworks */,
				3F612FF02E8E20AF00C4F671 /* Resources */,
			);
			buildRules = (
			);
			dependencies = (
				3F612FF42E8E20AF00C4F671 /* PBXTargetDependency */,
			);
			fileSystemSynchronizedGroups = (
				3F612FF52E8E20AF00C4F671 /* ScavangerHuntUITests */,
			);
			name = ScavangerHuntUITests;
			packageProductDependencies = (
			);
			productName = ScavangerHuntUITests;
			productReference = 3F612FF22E8E20AF00C4F671 /* ScavangerHuntUITests.xctest */;
			productType = "com.apple.product-type.bundle.ui-testing";
		};
/* End PBXNativeTarget section */

/* Begin PBXProject section */
		3F612FD32E8E20AE00C4F671 /* Project object */ = {
			isa = PBXProject;
			attributes = {
				BuildIndependentTargetsInParallel = 1;
				LastSwiftUpdateCheck = 1640;
				LastUpgradeCheck = 1640;
				TargetAttributes = {
					3F612FDA2E8E20AE00C4F671 = {
						CreatedOnToolsVersion = 16.4;
					};
					3F612FE72E8E20AF00C4F671 = {
						CreatedOnToolsVersion = 16.4;
						TestTargetID = 3F612FDA2E8E20AE00C4F671;
					};
					3F612FF12E8E20AF00C4F671 = {
						CreatedOnToolsVersion = 16.4;
						TestTargetID = 3F612FDA2E8E20AE00C4F671;
					};
				};
			};
			buildConfigurationList = 3F612FD62E8E20AE00C4F671 /* Build configuration list for PBXProject "ScavangerHunt" */;
			developmentRegion = en;
			hasScannedForEncodings = 0;
			knownRegions = (
				en,
				Base,
			);
			mainGroup = 3F612FD22E8E20AE00C4F671;
			minimizedProjectReferenceProxies = 1;
			preferredProjectObjectVersion = 77;
			productRefGroup = 3F612FDC2E8E20AE00C4F671 /* Products */;
			projectDirPath = "";
			projectRoot = "";
			targets = (
				3F612FDA2E8E20AE00C4F671 /* ScavangerHunt */,
				3F612FE72E8E20AF00C4F671 /* ScavangerHuntTests */,
				3F612FF12E8E20AF00C4F671 /* ScavangerHuntUITests */,
			);
		};
/* End PBXProject section */

/* Begin PBXResourcesBuildPhase section */
		3F612FD92E8E20AE00C4F671 /* Resources */ = {
			isa = PBXResourcesBuildPhase;
			buildActionMask = 2147483647;
			files = (
			);
			runOnlyForDeploymentPostprocessing = 0;
		};
		3F612FE62E8E20AF00C4F671 /* Resources */ = {
			isa = PBXResourcesBuildPhase;
			buildActionMask = 2147483647;
			files = (
			);
			runOnlyForDeploymentPostprocessing = 0;
		};
		3F612FF02E8E20AF00C4F671 /* Resources */ = {
			isa = PBXResourcesBuildPhase;
			buildActionMask = 2147483647;
			files = (
			);
			runOnlyForDeploymentPostprocessing = 0;
		};
/* End PBXResourcesBuildPhase section */

/* Begin PBXSourcesBuildPhase section */
		3F612FD72E8E20AE00C4F671 /* Sources */ = {
			isa = PBXSourcesBuildPhase;
			buildActionMask = 2147483647;
			files = (
			);
			runOnlyForDeploymentPostprocessing = 0;
		};
		3F612FE42E8E20AF00C4F671 /* Sources */ = {
			isa = PBXSourcesBuildPhase;
			buildActionMask = 2147483647;
			files = (
			);
			runOnlyForDeploymentPostprocessing = 0;
		};
		3F612FEE2E8E20AF00C4F671 /* Sources */ = {
			isa = PBXSourcesBuildPhase;
			buildActionMask = 2147483647;
			files = (
			);
			runOnlyForDeploymentPostprocessing = 0;
		};
/* End PBXSourcesBuildPhase section */

/* Begin PBXTargetDependency section */
		3F612FEA2E8E20AF00C4F671 /* PBXTargetDependency */ = {
			isa = PBXTargetDependency;
			target = 3F612FDA2E8E20AE00C4F671 /* ScavangerHunt */;
			targetProxy = 3F612FE92E8E20AF00C4F671 /* PBXContainerItemProxy */;
		};
		3F612FF42E8E20AF00C4F671 /* PBXTargetDependency */ = {
			isa = PBXTargetDependency;
			target = 3F612FDA2E8E20AE00C4F671 /* ScavangerHunt */;
			targetProxy = 3F612FF32E8E20AF00C4F671 /* PBXContainerItemProxy */;
		};
/* End PBXTargetDependency section */

/* Begin XCBuildConfiguration section */
		3F612FFA2E8E20AF00C4F671 /* Debug */ = {
			isa = XCBuildConfiguration;
			buildSettings = {
				ALWAYS_SEARCH_USER_PATHS = NO;
				ASSETCATALOG_COMPILER_GENERATE_SWIFT_ASSET_SYMBOL_EXTENSIONS = YES;
				CLANG_ANALYZER_NONNULL = YES;
				CLANG_ANALYZER_NUMBER_OBJECT_CONVERSION = YES_AGGRESSIVE;
				CLANG_CXX_LANGUAGE_STANDARD = "gnu++20";
				CLANG_ENABLE_MODULES = YES;
				CLANG_ENABLE_OBJC_ARC = YES;
				CLANG_ENABLE_OBJC_WEAK = YES;
				CLANG_WARN_BLOCK_CAPTURE_AUTORELEASING = YES;
				CLANG_WARN_BOOL_CONVERSION = YES;
				CLANG_WARN_COMMA = YES;
				CLANG_WARN_CONSTANT_CONVERSION = YES;
				CLANG_WARN_DEPRECATED_OBJC_IMPLEMENTATIONS = YES;
				CLANG_WARN_DIRECT_OBJC_ISA_USAGE = YES_ERROR;
				CLANG_WARN_DOCUMENTATION_COMMENTS = YES;
				CLANG_WARN_EMPTY_BODY = YES;
				CLANG_WARN_ENUM_CONVERSION = YES;
				CLANG_WARN_INFINITE_RECURSION = YES;
				CLANG_WARN_INT_CONVERSION = YES;
				CLANG_WARN_NON_LITERAL_NULL_CONVERSION = YES;
				CLANG_WARN_OBJC_IMPLICIT_RETAIN_SELF = YES;
				CLANG_WARN_OBJC_LITERAL_CONVERSION = YES;
				CLANG_WARN_OBJC_ROOT_CLASS = YES_ERROR;
				CLANG_WARN_QUOTED_INCLUDE_IN_FRAMEWORK_HEADER = YES;
				CLANG_WARN_RANGE_LOOP_ANALYSIS = YES;
				CLANG_WARN_STRICT_PROTOTYPES = YES;
				CLANG_WARN_SUSPICIOUS_MOVE = YES;
				CLANG_WARN_UNGUARDED_AVAILABILITY = YES_AGGRESSIVE;
				CLANG_WARN_UNREACHABLE_CODE = YES;
				CLANG_WARN__DUPLICATE_METHOD_MATCH = YES;
				COPY_PHASE_STRIP = NO;
				DEBUG_INFORMATION_FORMAT = dwarf;
				ENABLE_STRICT_OBJC_MSGSEND = YES;
				ENABLE_TESTABILITY = YES;
				ENABLE_USER_SCRIPT_SANDBOXING = YES;
				GCC_C_LANGUAGE_STANDARD = gnu17;
				GCC_DYNAMIC_NO_PIC = NO;
				GCC_NO_COMMON_BLOCKS = YES;
				GCC_OPTIMIZATION_LEVEL = 0;
				GCC_PREPROCESSOR_DEFINITIONS = (
					"DEBUG=1",
					"$(inherited)",
				);
				GCC_WARN_64_TO_32_BIT_CONVERSION = YES;
				GCC_WARN_ABOUT_RETURN_TYPE = YES_ERROR;
				GCC_WARN_UNDECLARED_SELECTOR = YES;
				GCC_WARN_UNINITIALIZED_AUTOS = YES_AGGRESSIVE;
				GCC_WARN_UNUSED_FUNCTION = YES;
				GCC_WARN_UNUSED_VARIABLE = YES;
				IPHONEOS_DEPLOYMENT_TARGET = 18.5;
				LOCALIZATION_PREFERS_STRING_CATALOGS = YES;
				MTL_ENABLE_DEBUG_INFO = INCLUDE_SOURCE;
				MTL_FAST_MATH = YES;
				ONLY_ACTIVE_ARCH = YES;
				SDKROOT = iphoneos;
				SWIFT_ACTIVE_COMPILATION_CONDITIONS = "DEBUG $(inherited)";
				SWIFT_OPTIMIZATION_LEVEL = "-Onone";
			};
			name = Debug;
		};
		3F612FFB2E8E20AF00C4F671 /* Release */ = {
			isa = XCBuildConfiguration;
			buildSettings = {
				ALWAYS_SEARCH_USER_PATHS = NO;
				ASSETCATALOG_COMPILER_GENERATE_SWIFT_ASSET_SYMBOL_EXTENSIONS = YES;
				CLANG_ANALYZER_NONNULL = YES;
				CLANG_ANALYZER_NUMBER_OBJECT_CONVERSION = YES_AGGRESSIVE;
				CLANG_CXX_LANGUAGE_STANDARD = "gnu++20";
				CLANG_ENABLE_MODULES = YES;
				CLANG_ENABLE_OBJC_ARC = YES;
				CLANG_ENABLE_OBJC_WEAK = YES;
				CLANG_WARN_BLOCK_CAPTURE_AUTORELEASING = YES;
				CLANG_WARN_BOOL_CONVERSION = YES;
				CLANG_WARN_COMMA = YES;
				CLANG_WARN_CONSTANT_CONVERSION = YES;
				CLANG_WARN_DEPRECATED_OBJC_IMPLEMENTATIONS = YES;
				CLANG_WARN_DIRECT_OBJC_ISA_USAGE = YES_ERROR;
				CLANG_WARN_DOCUMENTATION_COMMENTS = YES;
				CLANG_WARN_EMPTY_BODY = YES;
				CLANG_WARN_ENUM_CONVERSION = YES;
				CLANG_WARN_INFINITE_RECURSION = YES;
				CLANG_WARN_INT_CONVERSION = YES;
				CLANG_WARN_NON_LITERAL_NULL_CONVERSION = YES;
				CLANG_WARN_OBJC_IMPLICIT_RETAIN_SELF = YES;
				CLANG_WARN_OBJC_LITERAL_CONVERSION = YES;
				CLANG_WARN_OBJC_ROOT_CLASS = YES_ERROR;
				CLANG_WARN_QUOTED_INCLUDE_IN_FRAMEWORK_HEADER = YES;
				CLANG_WARN_RANGE_LOOP_ANALYSIS = YES;
				CLANG_WARN_STRICT_PROTOTYPES = YES;
				CLANG_WARN_SUSPICIOUS_MOVE = YES;
				CLANG_WARN_UNGUARDED_AVAILABILITY = YES_AGGRESSIVE;
				CLANG_WARN_UNREACHABLE_CODE = YES;
				CLANG_WARN__DUPLICATE_METHOD_MATCH = YES;
				COPY_PHASE_STRIP = NO;
				DEBUG_INFORMATION_FORMAT = "dwarf-with-dsym";
				ENABLE_NS_ASSERTIONS = NO;
				ENABLE_STRICT_OBJC_MSGSEND = YES;
				ENABLE_USER_SCRIPT_SANDBOXING = YES;
				GCC_C_LANGUAGE_STANDARD = gnu17;
				GCC_NO_COMMON_BLOCKS = YES;
				GCC_WARN_64_TO_32_BIT_CONVERSION = YES;
				GCC_WARN_ABOUT_RETURN_TYPE = YES_ERROR;
				GCC_WARN_UNDECLARED_SELECTOR = YES;
				GCC_WARN_UNINITIALIZED_AUTOS = YES_AGGRESSIVE;
				GCC_WARN_UNUSED_FUNCTION = YES;
				GCC_WARN_UNUSED_VARIABLE = YES;
				IPHONEOS_DEPLOYMENT_TARGET = 18.5;
				LOCALIZATION_PREFERS_STRING_CATALOGS = YES;
				MTL_ENABLE_DEBUG_INFO = NO;
				MTL_FAST_MATH = YES;
				SDKROOT = iphoneos;
				SWIFT_COMPILATION_MODE = wholemodule;
				VALIDATE_PRODUCT = YES;
			};
			name = Release;
		};
		3F612FFD2E8E20AF00C4F671 /* Debug */ = {
			isa = XCBuildConfiguration;
			buildSettings = {
				ASSETCATALOG_COMPILER_APPICON_NAME = AppIcon;
				ASSETCATALOG_COMPILER_GLOBAL_ACCENT_COLOR_NAME = AccentColor;
				CODE_SIGN_STYLE = Automatic;
				CURRENT_PROJECT_VERSION = 1;
				ENABLE_PREVIEWS = YES;
				GENERATE_INFOPLIST_FILE = YES;
				INFOPLIST_KEY_UIApplicationSceneManifest_Generation = YES;
				INFOPLIST_KEY_UIApplicationSupportsIndirectInputEvents = YES;
				INFOPLIST_KEY_UILaunchScreen_Generation = YES;
				INFOPLIST_KEY_UISupportedInterfaceOrientations_iPad = "UIInterfaceOrientationPortrait UIInterfaceOrientationPortraitUpsideDown UIInterfaceOrientationLandscapeLeft UIInterfaceOrientationLandscapeRight";
				INFOPLIST_KEY_UISupportedInterfaceOrientations_iPhone = "UIInterfaceOrientationPortrait UIInterfaceOrientationLandscapeLeft UIInterfaceOrientationLandscapeRight";
				LD_RUNPATH_SEARCH_PATHS = (
					"$(inherited)",
					"@executable_path/Frameworks",
				);
				MARKETING_VERSION = 1.0;
				PRODUCT_BUNDLE_IDENTIFIER = com.RahulKurra.ScavangerHunt;
				PRODUCT_NAME = "$(TARGET_NAME)";
				SWIFT_EMIT_LOC_STRINGS = YES;
				SWIFT_VERSION = 5.0;
				TARGETED_DEVICE_FAMILY = "1,2";
			};
			name = Debug;
		};
		3F612FFE2E8E20AF00C4F671 /* Release */ = {
			isa = XCBuildConfiguration;
			buildSettings = {
				ASSETCATALOG_COMPILER_APPICON_NAME = AppIcon;
				ASSETCATALOG_COMPILER_GLOBAL_ACCENT_COLOR_NAME = AccentColor;
				CODE_SIGN_STYLE = Automatic;
				CURRENT_PROJECT_VERSION = 1;
				ENABLE_PREVIEWS = YES;
				GENERATE_INFOPLIST_FILE = YES;
				INFOPLIST_KEY_UIApplicationSceneManifest_Generation = YES;
				INFOPLIST_KEY_UIApplicationSupportsIndirectInputEvents = YES;
				INFOPLIST_KEY_UILaunchScreen_Generation = YES;
				INFOPLIST_KEY_UISupportedInterfaceOrientations_iPad = "UIInterfaceOrientationPortrait UIInterfaceOrientationPortraitUpsideDown UIInterfaceOrientationLandscapeLeft UIInterfaceOrientationLandscapeRight";
				INFOPLIST_KEY_UISupportedInterfaceOrientations_iPhone = "UIInterfaceOrientationPortrait UIInterfaceOrientationLandscapeLeft UIInterfaceOrientationLandscapeRight";
				LD_RUNPATH_SEARCH_PATHS = (
					"$(inherited)",
					"@executable_path/Frameworks",
				);
				MARKETING_VERSION = 1.0;
				PRODUCT_BUNDLE_IDENTIFIER = com.RahulKurra.ScavangerHunt;
				PRODUCT_NAME = "$(TARGET_NAME)";
				SWIFT_EMIT_LOC_STRINGS = YES;
				SWIFT_VERSION = 5.0;
				TARGETED_DEVICE_FAMILY = "1,2";
			};
			name = Release;
		};
		3F6130002E8E20AF00C4F671 /* Debug */ = {
			isa = XCBuildConfiguration;
			buildSettings = {
				BUNDLE_LOADER = "$(TEST_HOST)";
				CODE_SIGN_STYLE = Automatic;
				CURRENT_PROJECT_VERSION = 1;
				GENERATE_INFOPLIST_FILE = YES;
				IPHONEOS_DEPLOYMENT_TARGET = 18.5;
				MARKETING_VERSION = 1.0;
				PRODUCT_BUNDLE_IDENTIFIER = com.RahulKurra.ScavangerHuntTests;
				PRODUCT_NAME = "$(TARGET_NAME)";
				SWIFT_EMIT_LOC_STRINGS = NO;
				SWIFT_VERSION = 5.0;
				TARGETED_DEVICE_FAMILY = "1,2";
				TEST_HOST = "$(BUILT_PRODUCTS_DIR)/ScavangerHunt.app/$(BUNDLE_EXECUTABLE_FOLDER_PATH)/ScavangerHunt";
			};
			name = Debug;
		};
		3F6130012E8E20AF00C4F671 /* Release */ = {
			isa = XCBuildConfiguration;
			buildSettings = {
				BUNDLE_LOADER = "$(TEST_HOST)";
				CODE_SIGN_STYLE = Automatic;
				CURRENT_PROJECT_VERSION = 1;
				GENERATE_INFOPLIST_FILE = YES;
				IPHONEOS_DEPLOYMENT_TARGET = 18.5;
				MARKETING_VERSION = 1.0;
				PRODUCT_BUNDLE_IDENTIFIER = com.RahulKurra.ScavangerHuntTests;
				PRODUCT_NAME = "$(TARGET_NAME)";
				SWIFT_EMIT_LOC_STRINGS = NO;
				SWIFT_VERSION = 5.0;
				TARGETED_DEVICE_FAMILY = "1,2";
				TEST_HOST = "$(BUILT_PRODUCTS_DIR)/ScavangerHunt.app/$(BUNDLE_EXECUTABLE_FOLDER_PATH)/ScavangerHunt";
			};
			name = Release;
		};
		3F6130032E8E20AF00C4F671 /* Debug */ = {
			isa = XCBuildConfiguration;
			buildSettings = {
				CODE_SIGN_STYLE = Automatic;
				CURRENT_PROJECT_VERSION = 1;
				GENERATE_INFOPLIST_FILE = YES;
				MARKETING_VERSION = 1.0;
				PRODUCT_BUNDLE_IDENTIFIER = com.RahulKurra.ScavangerHuntUITests;
				PRODUCT_NAME = "$(TARGET_NAME)";
				SWIFT_EMIT_LOC_STRINGS = NO;
				SWIFT_VERSION = 5.0;
				TARGETED_DEVICE_FAMILY = "1,2";
				TEST_TARGET_NAME = ScavangerHunt;
			};
			name = Debug;
		};
		3F6130042E8E20AF00C4F671 /* Release */ = {
			isa = XCBuildConfiguration;
			buildSettings = {
				CODE_SIGN_STYLE = Automatic;
				CURRENT_PROJECT_VERSION = 1;
				GENERATE_INFOPLIST_FILE = YES;
				MARKETING_VERSION = 1.0;
				PRODUCT_BUNDLE_IDENTIFIER = com.RahulKurra.ScavangerHuntUITests;
				PRODUCT_NAME = "$(TARGET_NAME)";
				SWIFT_EMIT_LOC_STRINGS = NO;
				SWIFT_VERSION = 5.0;
				TARGETED_DEVICE_FAMILY = "1,2";
				TEST_TARGET_NAME = ScavangerHunt;
			};
			name = Release;
		};
/* End XCBuildConfiguration section */

/* Begin XCConfigurationList section */
		3F612FD62E8E20AE00C4F671 /* Build configuration list for PBXProject "ScavangerHunt" */ = {
			isa = XCConfigurationList;
			buildConfigurations = (
				3F612FFA2E8E20AF00C4F671 /* Debug */,
				3F612FFB2E8E20AF00C4F671 /* Release */,
			);
			defaultConfigurationIsVisible = 0;
			defaultConfigurationName = Release;
		};
		3F612FFC2E8E20AF00C4F671 /* Build configuration list for PBXNativeTarget "ScavangerHunt" */ = {
			isa = XCConfigurationList;
			buildConfigurations = (
				3F612FFD2E8E20AF00C4F671 /* Debug */,
				3F612FFE2E8E20AF00C4F671 /* Release */,
			);
			defaultConfigurationIsVisible = 0;
			defaultConfigurationName = Release;
		};
		3F612FFF2E8E20AF00C4F671 /* Build configuration list for PBXNativeTarget "ScavangerHuntTests" */ = {
			isa = XCConfigurationList;
			buildConfigurations = (
				3F6130002E8E20AF00C4F671 /* Debug */,
				3F6130012E8E20AF00C4F671 /* Release */,
			);
			defaultConfigurationIsVisible = 0;
			defaultConfigurationName = Release;
		};
		3F6130022E8E20AF00C4F671 /* Build configuration list for PBXNativeTarget "ScavangerHuntUITests" */ = {
			isa = XCConfigurationList;
			buildConfigurations = (
				3F6130032E8E20AF00C4F671 /* Debug */,
				3F6130042E8E20AF00C4F671 /* Release */,
			);
			defaultConfigurationIsVisible = 0;
			defaultConfigurationName = Release;
		};
/* End XCConfigurationList section */
	};
	rootObject = 3F612FD32E8E20AE00C4F671 /* Project object */;
}
